
Microsoft Visual Studio Solution File, Format Version 12.00
# Visual Studio Version 16
VisualStudioVersion = 16.0.31911.196
MinimumVisualStudioVersion = 10.0.40219.1
Project("{9A19103F-16F7-4668-BE54-9A1E7A4F7556}") = "Sample_HR_Backend", "Sample_HR_Backend\Sample_HR_Backend.csproj", "{6DFB574E-8E49-4029-B24B-918AEFCCC7B4}"
EndProject
Global
	GlobalSection(SolutionConfigurationPlatforms) = preSolution
		Debug|Any CPU = Debug|Any CPU
		Release|Any CPU = Release|Any CPU
	EndGlobalSection
	GlobalSection(ProjectConfigurationPlatforms) = postSolution
		{6DFB574E-8E49-4029-B24B-918AEFCCC7B4}.Debug|Any CPU.ActiveCfg = Debug|Any CPU
		{6DFB574E-8E49-4029-B24B-918AEFCCC7B4}.Debug|Any CPU.Build.0 = Debug|Any CPU
		{6DFB574E-8E49-4029-B24B-918AEFCCC7B4}.Release|Any CPU.ActiveCfg = Release|Any CPU
		{6DFB574E-8E49-4029-B24B-918AEFCCC7B4}.Release|Any CPU.Build.0 = Release|Any CPU
	EndGlobalSection
	GlobalSection(SolutionProperties) = preSolution
		HideSolutionNode = FALSE
	EndGlobalSection
	GlobalSection(ExtensibilityGlobals) = postSolution
		SolutionGuid = {402E5E31-7A11-4B45-9BEA-59A37D395615}
	EndGlobalSection
EndGlobal
